
Microsoft Visual Studio Solution File, Format Version 12.00
# Visual Studio 15
VisualStudioVersion = 15.0.26124.0
MinimumVisualStudioVersion = 15.0.26124.0
Project("{FAE04EC0-301F-11D3-BF4B-00C04F79EFBC}") = "AbstractFactory", "CreationalPatterns\AbstractFactory\AbstractFactory.csproj", "{FEEDF68B-C40E-4114-9D79-334DADF83B7F}"
EndProject
Project("{FAE04EC0-301F-11D3-BF4B-00C04F79EFBC}") = "Builder", "CreationalPatterns\Builder\Builder.csproj", "{5A9F58C1-00F6-4A19-B55D-69AD7DDC3A1C}"
EndProject
Project("{FAE04EC0-301F-11D3-BF4B-00C04F79EFBC}") = "FactoryMethod", "CreationalPatterns\FactoryMethod\FactoryMethod.csproj", "{2D147416-9827-4CC3-A3C7-D6816C2BEB46}"
EndProject
Project("{FAE04EC0-301F-11D3-BF4B-00C04F79EFBC}") = "Prototype", "CreationalPatterns\Prototype\Prototype.csproj", "{39586866-D122-4BBE-AFE7-785836AE06F1}"
EndProject
Project("{FAE04EC0-301F-11D3-BF4B-00C04F79EFBC}") = "Singleton", "CreationalPatterns\Singleton\Singleton.csproj", "{82304283-4236-49B6-94F8-47E383A318A8}"
EndProject
Project("{2150E333-8FDC-42A3-9474-1A3956D46DE8}") = "StructuralPatterns", "StructuralPatterns", "{F4B62811-AA4D-4ADA-AE21-83723330D9F7}"
EndProject
Project("{FAE04EC0-301F-11D3-BF4B-00C04F79EFBC}") = "Adapter", "StructuralPatterns\Adapter\Adapter.csproj", "{CB6D497E-C556-4174-A255-3B25E7EC9358}"
EndProject
Project("{FAE04EC0-301F-11D3-BF4B-00C04F79EFBC}") = "Bridge", "StructuralPatterns\Bridge\Bridge.csproj", "{611596A6-2CAF-4EE9-8F80-164B3D730848}"
EndProject
Project("{FAE04EC0-301F-11D3-BF4B-00C04F79EFBC}") = "Composite", "StructuralPatterns\Composite\Composite.csproj", "{38976391-ACE1-4BD6-AF72-00DDD62BABDE}"
EndProject
Project("{FAE04EC0-301F-11D3-BF4B-00C04F79EFBC}") = "Decorator", "StructuralPatterns\Decorator\Decorator.csproj", "{CD2B9D55-6B60-4221-8AA0-C34B047072BC}"
EndProject
Project("{FAE04EC0-301F-11D3-BF4B-00C04F79EFBC}") = "Facade", "StructuralPatterns\Facade\Facade.csproj", "{CB7E99B4-DF8B-4062-B43A-C8A54CDEEFA6}"
EndProject
Project("{FAE04EC0-301F-11D3-BF4B-00C04F79EFBC}") = "Flyweight", "StructuralPatterns\Flyweight\Flyweight.csproj", "{5ACAE2D2-DF90-4BFB-B69E-7A373A5D874A}"
EndProject
Project("{FAE04EC0-301F-11D3-BF4B-00C04F79EFBC}") = "Proxy", "StructuralPatterns\Proxy\Proxy.csproj", "{0235C0C7-CAEA-4787-B860-8B16739B1535}"
EndProject
Project("{2150E333-8FDC-42A3-9474-1A3956D46DE8}") = "behavioralpatterns", "behavioralpatterns", "{F852AEAD-096C-4D77-ABE2-2FA9324A1935}"
EndProject
Project("{FAE04EC0-301F-11D3-BF4B-00C04F79EFBC}") = "chainresp", "behavioralpatterns\Chainresp\chainresp.csproj", "{2ECA020E-B336-463C-8219-16981164D574}"
EndProject
Project("{FAE04EC0-301F-11D3-BF4B-00C04F79EFBC}") = "Command", "behavioralpatterns\Command\Command.csproj", "{CD676190-DC1D-4538-8464-DF50704CFE7C}"
EndProject
Project("{FAE04EC0-301F-11D3-BF4B-00C04F79EFBC}") = "Interpreter", "behavioralpatterns\Interpreter\Interpreter.csproj", "{176412CE-F7CC-4C21-9952-17AE2C599D33}"
EndProject
Project("{FAE04EC0-301F-11D3-BF4B-00C04F79EFBC}") = "Iterator", "behavioralpatterns\Iterator\Iterator.csproj", "{E4960DC3-4E4B-47C1-9DB8-E16A58625DA0}"
EndProject
Project("{FAE04EC0-301F-11D3-BF4B-00C04F79EFBC}") = "Mediator", "behavioralpatterns\Mediator\Mediator.csproj", "{E34D0CB7-7F55-43A6-9043-298FB8F51687}"
EndProject
Project("{FAE04EC0-301F-11D3-BF4B-00C04F79EFBC}") = "Memento", "behavioralpatterns\Memento\Memento.csproj", "{DB1FED9C-7FCD-477A-A88E-FC37AF4E5C9C}"
EndProject
Project("{FAE04EC0-301F-11D3-BF4B-00C04F79EFBC}") = "Observer", "behavioralpatterns\Observer\Observer.csproj", "{7BE61CE5-65DB-4EFB-8214-9C61C7B11EBB}"
EndProject
Project("{FAE04EC0-301F-11D3-BF4B-00C04F79EFBC}") = "State", "behavioralpatterns\State\State.csproj", "{E6258934-47E9-4E98-A44C-76958849242F}"
EndProject
Project("{FAE04EC0-301F-11D3-BF4B-00C04F79EFBC}") = "Strategy", "behavioralpatterns\Strategy\Strategy.csproj", "{5490CD80-CF36-45E6-BDEE-3710E648969D}"
EndProject
Project("{FAE04EC0-301F-11D3-BF4B-00C04F79EFBC}") = "templatemethod", "behavioralpatterns\templatemethod\templatemethod.csproj", "{5C1A558E-0F46-4617-AACD-74A4E8B95DB6}"
EndProject
Project("{FAE04EC0-301F-11D3-BF4B-00C04F79EFBC}") = "visitor", "behavioralpatterns\visitor\visitor.csproj", "{DACAB738-6BEB-4B01-B40D-5261FE162A75}"
EndProject
Global
	GlobalSection(SolutionConfigurationPlatforms) = preSolution
		Debug|Any CPU = Debug|Any CPU
		Debug|x64 = Debug|x64
		Debug|x86 = Debug|x86
		Release|Any CPU = Release|Any CPU
		Release|x64 = Release|x64
		Release|x86 = Release|x86
	EndGlobalSection
	GlobalSection(SolutionProperties) = preSolution
		HideSolutionNode = FALSE
	EndGlobalSection
	GlobalSection(ProjectConfigurationPlatforms) = postSolution
		{FEEDF68B-C40E-4114-9D79-334DADF83B7F}.Debug|Any CPU.ActiveCfg = Debug|Any CPU
		{FEEDF68B-C40E-4114-9D79-334DADF83B7F}.Debug|Any CPU.Build.0 = Debug|Any CPU
		{FEEDF68B-C40E-4114-9D79-334DADF83B7F}.Debug|x64.ActiveCfg = Debug|Any CPU
		{FEEDF68B-C40E-4114-9D79-334DADF83B7F}.Debug|x64.Build.0 = Debug|Any CPU
		{FEEDF68B-C40E-4114-9D79-334DADF83B7F}.Debug|x86.ActiveCfg = Debug|Any CPU
		{FEEDF68B-C40E-4114-9D79-334DADF83B7F}.Debug|x86.Build.0 = Debug|Any CPU
		{FEEDF68B-C40E-4114-9D79-334DADF83B7F}.Release|Any CPU.ActiveCfg = Release|Any CPU
		{FEEDF68B-C40E-4114-9D79-334DADF83B7F}.Release|Any CPU.Build.0 = Release|Any CPU
		{FEEDF68B-C40E-4114-9D79-334DADF83B7F}.Release|x64.ActiveCfg = Release|Any CPU
		{FEEDF68B-C40E-4114-9D79-334DADF83B7F}.Release|x64.Build.0 = Release|Any CPU
		{FEEDF68B-C40E-4114-9D79-334DADF83B7F}.Release|x86.ActiveCfg = Release|Any CPU
		{FEEDF68B-C40E-4114-9D79-334DADF83B7F}.Release|x86.Build.0 = Release|Any CPU
		{5A9F58C1-00F6-4A19-B55D-69AD7DDC3A1C}.Debug|Any CPU.ActiveCfg = Debug|Any CPU
		{5A9F58C1-00F6-4A19-B55D-69AD7DDC3A1C}.Debug|Any CPU.Build.0 = Debug|Any CPU
		{5A9F58C1-00F6-4A19-B55D-69AD7DDC3A1C}.Debug|x64.ActiveCfg = Debug|Any CPU
		{5A9F58C1-00F6-4A19-B55D-69AD7DDC3A1C}.Debug|x64.Build.0 = Debug|Any CPU
		{5A9F58C1-00F6-4A19-B55D-69AD7DDC3A1C}.Debug|x86.ActiveCfg = Debug|Any CPU
		{5A9F58C1-00F6-4A19-B55D-69AD7DDC3A1C}.Debug|x86.Build.0 = Debug|Any CPU
		{5A9F58C1-00F6-4A19-B55D-69AD7DDC3A1C}.Release|Any CPU.ActiveCfg = Release|Any CPU
		{5A9F58C1-00F6-4A19-B55D-69AD7DDC3A1C}.Release|Any CPU.Build.0 = Release|Any CPU
		{5A9F58C1-00F6-4A19-B55D-69AD7DDC3A1C}.Release|x64.ActiveCfg = Release|Any CPU
		{5A9F58C1-00F6-4A19-B55D-69AD7DDC3A1C}.Release|x64.Build.0 = Release|Any CPU
		{5A9F58C1-00F6-4A19-B55D-69AD7DDC3A1C}.Release|x86.ActiveCfg = Release|Any CPU
		{5A9F58C1-00F6-4A19-B55D-69AD7DDC3A1C}.Release|x86.Build.0 = Release|Any CPU
		{2D147416-9827-4CC3-A3C7-D6816C2BEB46}.Debug|Any CPU.ActiveCfg = Debug|Any CPU
		{2D147416-9827-4CC3-A3C7-D6816C2BEB46}.Debug|Any CPU.Build.0 = Debug|Any CPU
		{2D147416-9827-4CC3-A3C7-D6816C2BEB46}.Debug|x64.ActiveCfg = Debug|Any CPU
		{2D147416-9827-4CC3-A3C7-D6816C2BEB46}.Debug|x64.Build.0 = Debug|Any CPU
		{2D147416-9827-4CC3-A3C7-D6816C2BEB46}.Debug|x86.ActiveCfg = Debug|Any CPU
		{2D147416-9827-4CC3-A3C7-D6816C2BEB46}.Debug|x86.Build.0 = Debug|Any CPU
		{2D147416-9827-4CC3-A3C7-D6816C2BEB46}.Release|Any CPU.ActiveCfg = Release|Any CPU
		{2D147416-9827-4CC3-A3C7-D6816C2BEB46}.Release|Any CPU.Build.0 = Release|Any CPU
		{2D147416-9827-4CC3-A3C7-D6816C2BEB46}.Release|x64.ActiveCfg = Release|Any CPU
		{2D147416-9827-4CC3-A3C7-D6816C2BEB46}.Release|x64.Build.0 = Release|Any CPU
		{2D147416-9827-4CC3-A3C7-D6816C2BEB46}.Release|x86.ActiveCfg = Release|Any CPU
		{2D147416-9827-4CC3-A3C7-D6816C2BEB46}.Release|x86.Build.0 = Release|Any CPU
		{39586866-D122-4BBE-AFE7-785836AE06F1}.Debug|Any CPU.ActiveCfg = Debug|Any CPU
		{39586866-D122-4BBE-AFE7-785836AE06F1}.Debug|Any CPU.Build.0 = Debug|Any CPU
		{39586866-D122-4BBE-AFE7-785836AE06F1}.Debug|x64.ActiveCfg = Debug|Any CPU
		{39586866-D122-4BBE-AFE7-785836AE06F1}.Debug|x64.Build.0 = Debug|Any CPU
		{39586866-D122-4BBE-AFE7-785836AE06F1}.Debug|x86.ActiveCfg = Debug|Any CPU
		{39586866-D122-4BBE-AFE7-785836AE06F1}.Debug|x86.Build.0 = Debug|Any CPU
		{39586866-D122-4BBE-AFE7-785836AE06F1}.Release|Any CPU.ActiveCfg = Release|Any CPU
		{39586866-D122-4BBE-AFE7-785836AE06F1}.Release|Any CPU.Build.0 = Release|Any CPU
		{39586866-D122-4BBE-AFE7-785836AE06F1}.Release|x64.ActiveCfg = Release|Any CPU
		{39586866-D122-4BBE-AFE7-785836AE06F1}.Release|x64.Build.0 = Release|Any CPU
		{39586866-D122-4BBE-AFE7-785836AE06F1}.Release|x86.ActiveCfg = Release|Any CPU
		{39586866-D122-4BBE-AFE7-785836AE06F1}.Release|x86.Build.0 = Release|Any CPU
		{82304283-4236-49B6-94F8-47E383A318A8}.Debug|Any CPU.ActiveCfg = Debug|Any CPU
		{82304283-4236-49B6-94F8-47E383A318A8}.Debug|Any CPU.Build.0 = Debug|Any CPU
		{82304283-4236-49B6-94F8-47E383A318A8}.Debug|x64.ActiveCfg = Debug|Any CPU
		{82304283-4236-49B6-94F8-47E383A318A8}.Debug|x64.Build.0 = Debug|Any CPU
		{82304283-4236-49B6-94F8-47E383A318A8}.Debug|x86.ActiveCfg = Debug|Any CPU
		{82304283-4236-49B6-94F8-47E383A318A8}.Debug|x86.Build.0 = Debug|Any CPU
		{82304283-4236-49B6-94F8-47E383A318A8}.Release|Any CPU.ActiveCfg = Release|Any CPU
		{82304283-4236-49B6-94F8-47E383A318A8}.Release|Any CPU.Build.0 = Release|Any CPU
		{82304283-4236-49B6-94F8-47E383A318A8}.Release|x64.ActiveCfg = Release|Any CPU
		{82304283-4236-49B6-94F8-47E383A318A8}.Release|x64.Build.0 = Release|Any CPU
		{82304283-4236-49B6-94F8-47E383A318A8}.Release|x86.ActiveCfg = Release|Any CPU
		{82304283-4236-49B6-94F8-47E383A318A8}.Release|x86.Build.0 = Release|Any CPU
		{CB6D497E-C556-4174-A255-3B25E7EC9358}.Debug|Any CPU.ActiveCfg = Debug|Any CPU
		{CB6D497E-C556-4174-A255-3B25E7EC9358}.Debug|Any CPU.Build.0 = Debug|Any CPU
		{CB6D497E-C556-4174-A255-3B25E7EC9358}.Debug|x64.ActiveCfg = Debug|Any CPU
		{CB6D497E-C556-4174-A255-3B25E7EC9358}.Debug|x64.Build.0 = Debug|Any CPU
		{CB6D497E-C556-4174-A255-3B25E7EC9358}.Debug|x86.ActiveCfg = Debug|Any CPU
		{CB6D497E-C556-4174-A255-3B25E7EC9358}.Debug|x86.Build.0 = Debug|Any CPU
		{CB6D497E-C556-4174-A255-3B25E7EC9358}.Release|Any CPU.ActiveCfg = Release|Any CPU
		{CB6D497E-C556-4174-A255-3B25E7EC9358}.Release|Any CPU.Build.0 = Release|Any CPU
		{CB6D497E-C556-4174-A255-3B25E7EC9358}.Release|x64.ActiveCfg = Release|Any CPU
		{CB6D497E-C556-4174-A255-3B25E7EC9358}.Release|x64.Build.0 = Release|Any CPU
		{CB6D497E-C556-4174-A255-3B25E7EC9358}.Release|x86.ActiveCfg = Release|Any CPU
		{CB6D497E-C556-4174-A255-3B25E7EC9358}.Release|x86.Build.0 = Release|Any CPU
		{611596A6-2CAF-4EE9-8F80-164B3D730848}.Debug|Any CPU.ActiveCfg = Debug|Any CPU
		{611596A6-2CAF-4EE9-8F80-164B3D730848}.Debug|Any CPU.Build.0 = Debug|Any CPU
		{611596A6-2CAF-4EE9-8F80-164B3D730848}.Debug|x64.ActiveCfg = Debug|Any CPU
		{611596A6-2CAF-4EE9-8F80-164B3D730848}.Debug|x64.Build.0 = Debug|Any CPU
		{611596A6-2CAF-4EE9-8F80-164B3D730848}.Debug|x86.ActiveCfg = Debug|Any CPU
		{611596A6-2CAF-4EE9-8F80-164B3D730848}.Debug|x86.Build.0 = Debug|Any CPU
		{611596A6-2CAF-4EE9-8F80-164B3D730848}.Release|Any CPU.ActiveCfg = Release|Any CPU
		{611596A6-2CAF-4EE9-8F80-164B3D730848}.Release|Any CPU.Build.0 = Release|Any CPU
		{611596A6-2CAF-4EE9-8F80-164B3D730848}.Release|x64.ActiveCfg = Release|Any CPU
		{611596A6-2CAF-4EE9-8F80-164B3D730848}.Release|x64.Build.0 = Release|Any CPU
		{611596A6-2CAF-4EE9-8F80-164B3D730848}.Release|x86.ActiveCfg = Release|Any CPU
		{611596A6-2CAF-4EE9-8F80-164B3D730848}.Release|x86.Build.0 = Release|Any CPU
		{38976391-ACE1-4BD6-AF72-00DDD62BABDE}.Debug|Any CPU.ActiveCfg = Debug|Any CPU
		{38976391-ACE1-4BD6-AF72-00DDD62BABDE}.Debug|Any CPU.Build.0 = Debug|Any CPU
		{38976391-ACE1-4BD6-AF72-00DDD62BABDE}.Debug|x64.ActiveCfg = Debug|Any CPU
		{38976391-ACE1-4BD6-AF72-00DDD62BABDE}.Debug|x64.Build.0 = Debug|Any CPU
		{38976391-ACE1-4BD6-AF72-00DDD62BABDE}.Debug|x86.ActiveCfg = Debug|Any CPU
		{38976391-ACE1-4BD6-AF72-00DDD62BABDE}.Debug|x86.Build.0 = Debug|Any CPU
		{38976391-ACE1-4BD6-AF72-00DDD62BABDE}.Release|Any CPU.ActiveCfg = Release|Any CPU
		{38976391-ACE1-4BD6-AF72-00DDD62BABDE}.Release|Any CPU.Build.0 = Release|Any CPU
		{38976391-ACE1-4BD6-AF72-00DDD62BABDE}.Release|x64.ActiveCfg = Release|Any CPU
		{38976391-ACE1-4BD6-AF72-00DDD62BABDE}.Release|x64.Build.0 = Release|Any CPU
		{38976391-ACE1-4BD6-AF72-00DDD62BABDE}.Release|x86.ActiveCfg = Release|Any CPU
		{38976391-ACE1-4BD6-AF72-00DDD62BABDE}.Release|x86.Build.0 = Release|Any CPU
		{CD2B9D55-6B60-4221-8AA0-C34B047072BC}.Debug|Any CPU.ActiveCfg = Debug|Any CPU
		{CD2B9D55-6B60-4221-8AA0-C34B047072BC}.Debug|Any CPU.Build.0 = Debug|Any CPU
		{CD2B9D55-6B60-4221-8AA0-C34B047072BC}.Debug|x64.ActiveCfg = Debug|Any CPU
		{CD2B9D55-6B60-4221-8AA0-C34B047072BC}.Debug|x64.Build.0 = Debug|Any CPU
		{CD2B9D55-6B60-4221-8AA0-C34B047072BC}.Debug|x86.ActiveCfg = Debug|Any CPU
		{CD2B9D55-6B60-4221-8AA0-C34B047072BC}.Debug|x86.Build.0 = Debug|Any CPU
		{CD2B9D55-6B60-4221-8AA0-C34B047072BC}.Release|Any CPU.ActiveCfg = Release|Any CPU
		{CD2B9D55-6B60-4221-8AA0-C34B047072BC}.Release|Any CPU.Build.0 = Release|Any CPU
		{CD2B9D55-6B60-4221-8AA0-C34B047072BC}.Release|x64.ActiveCfg = Release|Any CPU
		{CD2B9D55-6B60-4221-8AA0-C34B047072BC}.Release|x64.Build.0 = Release|Any CPU
		{CD2B9D55-6B60-4221-8AA0-C34B047072BC}.Release|x86.ActiveCfg = Release|Any CPU
		{CD2B9D55-6B60-4221-8AA0-C34B047072BC}.Release|x86.Build.0 = Release|Any CPU
		{CB7E99B4-DF8B-4062-B43A-C8A54CDEEFA6}.Debug|Any CPU.ActiveCfg = Debug|Any CPU
		{CB7E99B4-DF8B-4062-B43A-C8A54CDEEFA6}.Debug|Any CPU.Build.0 = Debug|Any CPU
		{CB7E99B4-DF8B-4062-B43A-C8A54CDEEFA6}.Debug|x64.ActiveCfg = Debug|Any CPU
		{CB7E99B4-DF8B-4062-B43A-C8A54CDEEFA6}.Debug|x64.Build.0 = Debug|Any CPU
		{CB7E99B4-DF8B-4062-B43A-C8A54CDEEFA6}.Debug|x86.ActiveCfg = Debug|Any CPU
		{CB7E99B4-DF8B-4062-B43A-C8A54CDEEFA6}.Debug|x86.Build.0 = Debug|Any CPU
		{CB7E99B4-DF8B-4062-B43A-C8A54CDEEFA6}.Release|Any CPU.ActiveCfg = Release|Any CPU
		{CB7E99B4-DF8B-4062-B43A-C8A54CDEEFA6}.Release|Any CPU.Build.0 = Release|Any CPU
		{CB7E99B4-DF8B-4062-B43A-C8A54CDEEFA6}.Release|x64.ActiveCfg = Release|Any CPU
		{CB7E99B4-DF8B-4062-B43A-C8A54CDEEFA6}.Release|x64.Build.0 = Release|Any CPU
		{CB7E99B4-DF8B-4062-B43A-C8A54CDEEFA6}.Release|x86.ActiveCfg = Release|Any CPU
		{CB7E99B4-DF8B-4062-B43A-C8A54CDEEFA6}.Release|x86.Build.0 = Release|Any CPU
		{5ACAE2D2-DF90-4BFB-B69E-7A373A5D874A}.Debug|Any CPU.ActiveCfg = Debug|Any CPU
		{5ACAE2D2-DF90-4BFB-B69E-7A373A5D874A}.Debug|Any CPU.Build.0 = Debug|Any CPU
		{5ACAE2D2-DF90-4BFB-B69E-7A373A5D874A}.Debug|x64.ActiveCfg = Debug|Any CPU
		{5ACAE2D2-DF90-4BFB-B69E-7A373A5D874A}.Debug|x64.Build.0 = Debug|Any CPU
		{5ACAE2D2-DF90-4BFB-B69E-7A373A5D874A}.Debug|x86.ActiveCfg = Debug|Any CPU
		{5ACAE2D2-DF90-4BFB-B69E-7A373A5D874A}.Debug|x86.Build.0 = Debug|Any CPU
		{5ACAE2D2-DF90-4BFB-B69E-7A373A5D874A}.Release|Any CPU.ActiveCfg = Release|Any CPU
		{5ACAE2D2-DF90-4BFB-B69E-7A373A5D874A}.Release|Any CPU.Build.0 = Release|Any CPU
		{5ACAE2D2-DF90-4BFB-B69E-7A373A5D874A}.Release|x64.ActiveCfg = Release|Any CPU
		{5ACAE2D2-DF90-4BFB-B69E-7A373A5D874A}.Release|x64.Build.0 = Release|Any CPU
		{5ACAE2D2-DF90-4BFB-B69E-7A373A5D874A}.Release|x86.ActiveCfg = Release|Any CPU
		{5ACAE2D2-DF90-4BFB-B69E-7A373A5D874A}.Release|x86.Build.0 = Release|Any CPU
		{0235C0C7-CAEA-4787-B860-8B16739B1535}.Debug|Any CPU.ActiveCfg = Debug|Any CPU
		{0235C0C7-CAEA-4787-B860-8B16739B1535}.Debug|Any CPU.Build.0 = Debug|Any CPU
		{0235C0C7-CAEA-4787-B860-8B16739B1535}.Debug|x64.ActiveCfg = Debug|Any CPU
		{0235C0C7-CAEA-4787-B860-8B16739B1535}.Debug|x64.Build.0 = Debug|Any CPU
		{0235C0C7-CAEA-4787-B860-8B16739B1535}.Debug|x86.ActiveCfg = Debug|Any CPU
		{0235C0C7-CAEA-4787-B860-8B16739B1535}.Debug|x86.Build.0 = Debug|Any CPU
		{0235C0C7-CAEA-4787-B860-8B16739B1535}.Release|Any CPU.ActiveCfg = Release|Any CPU
		{0235C0C7-CAEA-4787-B860-8B16739B1535}.Release|Any CPU.Build.0 = Release|Any CPU
		{0235C0C7-CAEA-4787-B860-8B16739B1535}.Release|x64.ActiveCfg = Release|Any CPU
		{0235C0C7-CAEA-4787-B860-8B16739B1535}.Release|x64.Build.0 = Release|Any CPU
		{0235C0C7-CAEA-4787-B860-8B16739B1535}.Release|x86.ActiveCfg = Release|Any CPU
		{0235C0C7-CAEA-4787-B860-8B16739B1535}.Release|x86.Build.0 = Release|Any CPU
		{2ECA020E-B336-463C-8219-16981164D574}.Debug|Any CPU.ActiveCfg = Debug|Any CPU
		{2ECA020E-B336-463C-8219-16981164D574}.Debug|Any CPU.Build.0 = Debug|Any CPU
		{2ECA020E-B336-463C-8219-16981164D574}.Debug|x64.ActiveCfg = Debug|Any CPU
		{2ECA020E-B336-463C-8219-16981164D574}.Debug|x64.Build.0 = Debug|Any CPU
		{2ECA020E-B336-463C-8219-16981164D574}.Debug|x86.ActiveCfg = Debug|Any CPU
		{2ECA020E-B336-463C-8219-16981164D574}.Debug|x86.Build.0 = Debug|Any CPU
		{2ECA020E-B336-463C-8219-16981164D574}.Release|Any CPU.ActiveCfg = Release|Any CPU
		{2ECA020E-B336-463C-8219-16981164D574}.Release|Any CPU.Build.0 = Release|Any CPU
		{2ECA020E-B336-463C-8219-16981164D574}.Release|x64.ActiveCfg = Release|Any CPU
		{2ECA020E-B336-463C-8219-16981164D574}.Release|x64.Build.0 = Release|Any CPU
		{2ECA020E-B336-463C-8219-16981164D574}.Release|x86.ActiveCfg = Release|Any CPU
		{2ECA020E-B336-463C-8219-16981164D574}.Release|x86.Build.0 = Release|Any CPU
		{CD676190-DC1D-4538-8464-DF50704CFE7C}.Debug|Any CPU.ActiveCfg = Debug|Any CPU
		{CD676190-DC1D-4538-8464-DF50704CFE7C}.Debug|Any CPU.Build.0 = Debug|Any CPU
		{CD676190-DC1D-4538-8464-DF50704CFE7C}.Debug|x64.ActiveCfg = Debug|Any CPU
		{CD676190-DC1D-4538-8464-DF50704CFE7C}.Debug|x64.Build.0 = Debug|Any CPU
		{CD676190-DC1D-4538-8464-DF50704CFE7C}.Debug|x86.ActiveCfg = Debug|Any CPU
		{CD676190-DC1D-4538-8464-DF50704CFE7C}.Debug|x86.Build.0 = Debug|Any CPU
		{CD676190-DC1D-4538-8464-DF50704CFE7C}.Release|Any CPU.ActiveCfg = Release|Any CPU
		{CD676190-DC1D-4538-8464-DF50704CFE7C}.Release|Any CPU.Build.0 = Release|Any CPU
		{CD676190-DC1D-4538-8464-DF50704CFE7C}.Release|x64.ActiveCfg = Release|Any CPU
		{CD676190-DC1D-4538-8464-DF50704CFE7C}.Release|x64.Build.0 = Release|Any CPU
		{CD676190-DC1D-4538-8464-DF50704CFE7C}.Release|x86.ActiveCfg = Release|Any CPU
		{CD676190-DC1D-4538-8464-DF50704CFE7C}.Release|x86.Build.0 = Release|Any CPU
		{176412CE-F7CC-4C21-9952-17AE2C599D33}.Debug|Any CPU.ActiveCfg = Debug|Any CPU
		{176412CE-F7CC-4C21-9952-17AE2C599D33}.Debug|Any CPU.Build.0 = Debug|Any CPU
		{176412CE-F7CC-4C21-9952-17AE2C599D33}.Debug|x64.ActiveCfg = Debug|Any CPU
		{176412CE-F7CC-4C21-9952-17AE2C599D33}.Debug|x64.Build.0 = Debug|Any CPU
		{176412CE-F7CC-4C21-9952-17AE2C599D33}.Debug|x86.ActiveCfg = Debug|Any CPU
		{176412CE-F7CC-4C21-9952-17AE2C599D33}.Debug|x86.Build.0 = Debug|Any CPU
		{176412CE-F7CC-4C21-9952-17AE2C599D33}.Release|Any CPU.ActiveCfg = Release|Any CPU
		{176412CE-F7CC-4C21-9952-17AE2C599D33}.Release|Any CPU.Build.0 = Release|Any CPU
		{176412CE-F7CC-4C21-9952-17AE2C599D33}.Release|x64.ActiveCfg = Release|Any CPU
		{176412CE-F7CC-4C21-9952-17AE2C599D33}.Release|x64.Build.0 = Release|Any CPU
		{176412CE-F7CC-4C21-9952-17AE2C599D33}.Release|x86.ActiveCfg = Release|Any CPU
		{176412CE-F7CC-4C21-9952-17AE2C599D33}.Release|x86.Build.0 = Release|Any CPU
		{E4960DC3-4E4B-47C1-9DB8-E16A58625DA0}.Debug|Any CPU.ActiveCfg = Debug|Any CPU
		{E4960DC3-4E4B-47C1-9DB8-E16A58625DA0}.Debug|Any CPU.Build.0 = Debug|Any CPU
		{E4960DC3-4E4B-47C1-9DB8-E16A58625DA0}.Debug|x64.ActiveCfg = Debug|Any CPU
		{E4960DC3-4E4B-47C1-9DB8-E16A58625DA0}.Debug|x64.Build.0 = Debug|Any CPU
		{E4960DC3-4E4B-47C1-9DB8-E16A58625DA0}.Debug|x86.ActiveCfg = Debug|Any CPU
		{E4960DC3-4E4B-47C1-9DB8-E16A58625DA0}.Debug|x86.Build.0 = Debug|Any CPU
		{E4960DC3-4E4B-47C1-9DB8-E16A58625DA0}.Release|Any CPU.ActiveCfg = Release|Any CPU
		{E4960DC3-4E4B-47C1-9DB8-E16A58625DA0}.Release|Any CPU.Build.0 = Release|Any CPU
		{E4960DC3-4E4B-47C1-9DB8-E16A58625DA0}.Release|x64.ActiveCfg = Release|Any CPU
		{E4960DC3-4E4B-47C1-9DB8-E16A58625DA0}.Release|x64.Build.0 = Release|Any CPU
		{E4960DC3-4E4B-47C1-9DB8-E16A58625DA0}.Release|x86.ActiveCfg = Release|Any CPU
		{E4960DC3-4E4B-47C1-9DB8-E16A58625DA0}.Release|x86.Build.0 = Release|Any CPU
		{E34D0CB7-7F55-43A6-9043-298FB8F51687}.Debug|Any CPU.ActiveCfg = Debug|Any CPU
		{E34D0CB7-7F55-43A6-9043-298FB8F51687}.Debug|Any CPU.Build.0 = Debug|Any CPU
		{E34D0CB7-7F55-43A6-9043-298FB8F51687}.Debug|x64.ActiveCfg = Debug|Any CPU
		{E34D0CB7-7F55-43A6-9043-298FB8F51687}.Debug|x64.Build.0 = Debug|Any CPU
		{E34D0CB7-7F55-43A6-9043-298FB8F51687}.Debug|x86.ActiveCfg = Debug|Any CPU
		{E34D0CB7-7F55-43A6-9043-298FB8F51687}.Debug|x86.Build.0 = Debug|Any CPU
		{E34D0CB7-7F55-43A6-9043-298FB8F51687}.Release|Any CPU.ActiveCfg = Release|Any CPU
		{E34D0CB7-7F55-43A6-9043-298FB8F51687}.Release|Any CPU.Build.0 = Release|Any CPU
		{E34D0CB7-7F55-43A6-9043-298FB8F51687}.Release|x64.ActiveCfg = Release|Any CPU
		{E34D0CB7-7F55-43A6-9043-298FB8F51687}.Release|x64.Build.0 = Release|Any CPU
		{E34D0CB7-7F55-43A6-9043-298FB8F51687}.Release|x86.ActiveCfg = Release|Any CPU
		{E34D0CB7-7F55-43A6-9043-298FB8F51687}.Release|x86.Build.0 = Release|Any CPU
		{DB1FED9C-7FCD-477A-A88E-FC37AF4E5C9C}.Debug|Any CPU.ActiveCfg = Debug|Any CPU
		{DB1FED9C-7FCD-477A-A88E-FC37AF4E5C9C}.Debug|Any CPU.Build.0 = Debug|Any CPU
		{DB1FED9C-7FCD-477A-A88E-FC37AF4E5C9C}.Debug|x64.ActiveCfg = Debug|Any CPU
		{DB1FED9C-7FCD-477A-A88E-FC37AF4E5C9C}.Debug|x64.Build.0 = Debug|Any CPU
		{DB1FED9C-7FCD-477A-A88E-FC37AF4E5C9C}.Debug|x86.ActiveCfg = Debug|Any CPU
		{DB1FED9C-7FCD-477A-A88E-FC37AF4E5C9C}.Debug|x86.Build.0 = Debug|Any CPU
		{DB1FED9C-7FCD-477A-A88E-FC37AF4E5C9C}.Release|Any CPU.ActiveCfg = Release|Any CPU
		{DB1FED9C-7FCD-477A-A88E-FC37AF4E5C9C}.Release|Any CPU.Build.0 = Release|Any CPU
		{DB1FED9C-7FCD-477A-A88E-FC37AF4E5C9C}.Release|x64.ActiveCfg = Release|Any CPU
		{DB1FED9C-7FCD-477A-A88E-FC37AF4E5C9C}.Release|x64.Build.0 = Release|Any CPU
		{DB1FED9C-7FCD-477A-A88E-FC37AF4E5C9C}.Release|x86.ActiveCfg = Release|Any CPU
		{DB1FED9C-7FCD-477A-A88E-FC37AF4E5C9C}.Release|x86.Build.0 = Release|Any CPU
		{7BE61CE5-65DB-4EFB-8214-9C61C7B11EBB}.Debug|Any CPU.ActiveCfg = Debug|Any CPU
		{7BE61CE5-65DB-4EFB-8214-9C61C7B11EBB}.Debug|Any CPU.Build.0 = Debug|Any CPU
		{7BE61CE5-65DB-4EFB-8214-9C61C7B11EBB}.Debug|x64.ActiveCfg = Debug|Any CPU
		{7BE61CE5-65DB-4EFB-8214-9C61C7B11EBB}.Debug|x64.Build.0 = Debug|Any CPU
		{7BE61CE5-65DB-4EFB-8214-9C61C7B11EBB}.Debug|x86.ActiveCfg = Debug|Any CPU
		{7BE61CE5-65DB-4EFB-8214-9C61C7B11EBB}.Debug|x86.Build.0 = Debug|Any CPU
		{7BE61CE5-65DB-4EFB-8214-9C61C7B11EBB}.Release|Any CPU.ActiveCfg = Release|Any CPU
		{7BE61CE5-65DB-4EFB-8214-9C61C7B11EBB}.Release|Any CPU.Build.0 = Release|Any CPU
		{7BE61CE5-65DB-4EFB-8214-9C61C7B11EBB}.Release|x64.ActiveCfg = Release|Any CPU
		{7BE61CE5-65DB-4EFB-8214-9C61C7B11EBB}.Release|x64.Build.0 = Release|Any CPU
		{7BE61CE5-65DB-4EFB-8214-9C61C7B11EBB}.Release|x86.ActiveCfg = Release|Any CPU
		{7BE61CE5-65DB-4EFB-8214-9C61C7B11EBB}.Release|x86.Build.0 = Release|Any CPU
		{E6258934-47E9-4E98-A44C-76958849242F}.Debug|Any CPU.ActiveCfg = Debug|Any CPU
		{E6258934-47E9-4E98-A44C-76958849242F}.Debug|Any CPU.Build.0 = Debug|Any CPU
		{E6258934-47E9-4E98-A44C-76958849242F}.Debug|x64.ActiveCfg = Debug|Any CPU
		{E6258934-47E9-4E98-A44C-76958849242F}.Debug|x64.Build.0 = Debug|Any CPU
		{E6258934-47E9-4E98-A44C-76958849242F}.Debug|x86.ActiveCfg = Debug|Any CPU
		{E6258934-47E9-4E98-A44C-76958849242F}.Debug|x86.Build.0 = Debug|Any CPU
		{E6258934-47E9-4E98-A44C-76958849242F}.Release|Any CPU.ActiveCfg = Release|Any CPU
		{E6258934-47E9-4E98-A44C-76958849242F}.Release|Any CPU.Build.0 = Release|Any CPU
		{E6258934-47E9-4E98-A44C-76958849242F}.Release|x64.ActiveCfg = Release|Any CPU
		{E6258934-47E9-4E98-A44C-76958849242F}.Release|x64.Build.0 = Release|Any CPU
		{E6258934-47E9-4E98-A44C-76958849242F}.Release|x86.ActiveCfg = Release|Any CPU
		{E6258934-47E9-4E98-A44C-76958849242F}.Release|x86.Build.0 = Release|Any CPU
		{5490CD80-CF36-45E6-BDEE-3710E648969D}.Debug|Any CPU.ActiveCfg = Debug|Any CPU
		{5490CD80-CF36-45E6-BDEE-3710E648969D}.Debug|Any CPU.Build.0 = Debug|Any CPU
		{5490CD80-CF36-45E6-BDEE-3710E648969D}.Debug|x64.ActiveCfg = Debug|Any CPU
		{5490CD80-CF36-45E6-BDEE-3710E648969D}.Debug|x64.Build.0 = Debug|Any CPU
		{5490CD80-CF36-45E6-BDEE-3710E648969D}.Debug|x86.ActiveCfg = Debug|Any CPU
		{5490CD80-CF36-45E6-BDEE-3710E648969D}.Debug|x86.Build.0 = Debug|Any CPU
		{5490CD80-CF36-45E6-BDEE-3710E648969D}.Release|Any CPU.ActiveCfg = Release|Any CPU
		{5490CD80-CF36-45E6-BDEE-3710E648969D}.Release|Any CPU.Build.0 = Release|Any CPU
		{5490CD80-CF36-45E6-BDEE-3710E648969D}.Release|x64.ActiveCfg = Release|Any CPU
		{5490CD80-CF36-45E6-BDEE-3710E648969D}.Release|x64.Build.0 = Release|Any CPU
		{5490CD80-CF36-45E6-BDEE-3710E648969D}.Release|x86.ActiveCfg = Release|Any CPU
		{5490CD80-CF36-45E6-BDEE-3710E648969D}.Release|x86.Build.0 = Release|Any CPU
		{5C1A558E-0F46-4617-AACD-74A4E8B95DB6}.Debug|Any CPU.ActiveCfg = Debug|Any CPU
		{5C1A558E-0F46-4617-AACD-74A4E8B95DB6}.Debug|Any CPU.Build.0 = Debug|Any CPU
		{5C1A558E-0F46-4617-AACD-74A4E8B95DB6}.Debug|x64.ActiveCfg = Debug|Any CPU
		{5C1A558E-0F46-4617-AACD-74A4E8B95DB6}.Debug|x64.Build.0 = Debug|Any CPU
		{5C1A558E-0F46-4617-AACD-74A4E8B95DB6}.Debug|x86.ActiveCfg = Debug|Any CPU
		{5C1A558E-0F46-4617-AACD-74A4E8B95DB6}.Debug|x86.Build.0 = Debug|Any CPU
		{5C1A558E-0F46-4617-AACD-74A4E8B95DB6}.Release|Any CPU.ActiveCfg = Release|Any CPU
		{5C1A558E-0F46-4617-AACD-74A4E8B95DB6}.Release|Any CPU.Build.0 = Release|Any CPU
		{5C1A558E-0F46-4617-AACD-74A4E8B95DB6}.Release|x64.ActiveCfg = Release|Any CPU
		{5C1A558E-0F46-4617-AACD-74A4E8B95DB6}.Release|x64.Build.0 = Release|Any CPU
		{5C1A558E-0F46-4617-AACD-74A4E8B95DB6}.Release|x86.ActiveCfg = Release|Any CPU
		{5C1A558E-0F46-4617-AACD-74A4E8B95DB6}.Release|x86.Build.0 = Release|Any CPU
		{DACAB738-6BEB-4B01-B40D-5261FE162A75}.Debug|Any CPU.ActiveCfg = Debug|Any CPU
		{DACAB738-6BEB-4B01-B40D-5261FE162A75}.Debug|Any CPU.Build.0 = Debug|Any CPU
		{DACAB738-6BEB-4B01-B40D-5261FE162A75}.Debug|x64.ActiveCfg = Debug|Any CPU
		{DACAB738-6BEB-4B01-B40D-5261FE162A75}.Debug|x64.Build.0 = Debug|Any CPU
		{DACAB738-6BEB-4B01-B40D-5261FE162A75}.Debug|x86.ActiveCfg = Debug|Any CPU
		{DACAB738-6BEB-4B01-B40D-5261FE162A75}.Debug|x86.Build.0 = Debug|Any CPU
		{DACAB738-6BEB-4B01-B40D-5261FE162A75}.Release|Any CPU.ActiveCfg = Release|Any CPU
		{DACAB738-6BEB-4B01-B40D-5261FE162A75}.Release|Any CPU.Build.0 = Release|Any CPU
		{DACAB738-6BEB-4B01-B40D-5261FE162A75}.Release|x64.ActiveCfg = Release|Any CPU
		{DACAB738-6BEB-4B01-B40D-5261FE162A75}.Release|x64.Build.0 = Release|Any CPU
		{DACAB738-6BEB-4B01-B40D-5261FE162A75}.Release|x86.ActiveCfg = Release|Any CPU
		{DACAB738-6BEB-4B01-B40D-5261FE162A75}.Release|x86.Build.0 = Release|Any CPU
	EndGlobalSection
	GlobalSection(NestedProjects) = preSolution
		{CB6D497E-C556-4174-A255-3B25E7EC9358} = {F4B62811-AA4D-4ADA-AE21-83723330D9F7}
		{611596A6-2CAF-4EE9-8F80-164B3D730848} = {F4B62811-AA4D-4ADA-AE21-83723330D9F7}
		{38976391-ACE1-4BD6-AF72-00DDD62BABDE} = {F4B62811-AA4D-4ADA-AE21-83723330D9F7}
		{CD2B9D55-6B60-4221-8AA0-C34B047072BC} = {F4B62811-AA4D-4ADA-AE21-83723330D9F7}
		{CB7E99B4-DF8B-4062-B43A-C8A54CDEEFA6} = {F4B62811-AA4D-4ADA-AE21-83723330D9F7}
		{5ACAE2D2-DF90-4BFB-B69E-7A373A5D874A} = {F4B62811-AA4D-4ADA-AE21-83723330D9F7}
		{0235C0C7-CAEA-4787-B860-8B16739B1535} = {F4B62811-AA4D-4ADA-AE21-83723330D9F7}
		{2ECA020E-B336-463C-8219-16981164D574} = {F852AEAD-096C-4D77-ABE2-2FA9324A1935}
		{CD676190-DC1D-4538-8464-DF50704CFE7C} = {F852AEAD-096C-4D77-ABE2-2FA9324A1935}
		{176412CE-F7CC-4C21-9952-17AE2C599D33} = {F852AEAD-096C-4D77-ABE2-2FA9324A1935}
		{E4960DC3-4E4B-47C1-9DB8-E16A58625DA0} = {F852AEAD-096C-4D77-ABE2-2FA9324A1935}
		{E34D0CB7-7F55-43A6-9043-298FB8F51687} = {F852AEAD-096C-4D77-ABE2-2FA9324A1935}
		{DB1FED9C-7FCD-477A-A88E-FC37AF4E5C9C} = {F852AEAD-096C-4D77-ABE2-2FA9324A1935}
		{7BE61CE5-65DB-4EFB-8214-9C61C7B11EBB} = {F852AEAD-096C-4D77-ABE2-2FA9324A1935}
		{E6258934-47E9-4E98-A44C-76958849242F} = {F852AEAD-096C-4D77-ABE2-2FA9324A1935}
		{5490CD80-CF36-45E6-BDEE-3710E648969D} = {F852AEAD-096C-4D77-ABE2-2FA9324A1935}
		{5C1A558E-0F46-4617-AACD-74A4E8B95DB6} = {F852AEAD-096C-4D77-ABE2-2FA9324A1935}
		{DACAB738-6BEB-4B01-B40D-5261FE162A75} = {F852AEAD-096C-4D77-ABE2-2FA9324A1935}
	EndGlobalSection
EndGlobal
